
Microsoft Visual Studio Solution File, Format Version 12.00
# Visual Studio 14
VisualStudioVersion = 14.0.25123.0
MinimumVisualStudioVersion = 10.0.40219.1
Project("{FAE04EC0-301F-11D3-BF4B-00C04F79EFBC}") = "wcf", "wcf\wcf.csproj", "{609A59BE-A7F5-4EC9-8056-2D0876D07955}"
EndProject
Project("{FAE04EC0-301F-11D3-BF4B-00C04F79EFBC}") = "mvc", "mvc\mvc.csproj", "{1B8E3F9C-86F0-4EF3-913D-ABF290A9E530}"
	ProjectSection(ProjectDependencies) = postProject
		{609A59BE-A7F5-4EC9-8056-2D0876D07955} = {609A59BE-A7F5-4EC9-8056-2D0876D07955}
	EndProjectSection
EndProject
Global
	GlobalSection(SolutionConfigurationPlatforms) = preSolution
		Debug|Any CPU = Debug|Any CPU
		Release|Any CPU = Release|Any CPU
	EndGlobalSection
	GlobalSection(ProjectConfigurationPlatforms) = postSolution
		{609A59BE-A7F5-4EC9-8056-2D0876D07955}.Debug|Any CPU.ActiveCfg = Debug|Any CPU
		{609A59BE-A7F5-4EC9-8056-2D0876D07955}.Debug|Any CPU.Build.0 = Debug|Any CPU
		{609A59BE-A7F5-4EC9-8056-2D0876D07955}.Release|Any CPU.ActiveCfg = Release|Any CPU
		{609A59BE-A7F5-4EC9-8056-2D0876D07955}.Release|Any CPU.Build.0 = Release|Any CPU
		{1B8E3F9C-86F0-4EF3-913D-ABF290A9E530}.Debug|Any CPU.ActiveCfg = Debug|Any CPU
		{1B8E3F9C-86F0-4EF3-913D-ABF290A9E530}.Debug|Any CPU.Build.0 = Debug|Any CPU
		{1B8E3F9C-86F0-4EF3-913D-ABF290A9E530}.Release|Any CPU.ActiveCfg = Release|Any CPU
		{1B8E3F9C-86F0-4EF3-913D-ABF290A9E530}.Release|Any CPU.Build.0 = Release|Any CPU
	EndGlobalSection
	GlobalSection(SolutionProperties) = preSolution
		HideSolutionNode = FALSE
	EndGlobalSection
EndGlobal
